
Microsoft Visual Studio Solution File, Format Version 12.00
# Visual Studio Version 16
VisualStudioVersion = 16.0.31624.102
MinimumVisualStudioVersion = 10.0.40219.1
Project("{9A19103F-16F7-4668-BE54-9A1E7A4F7556}") = "Exercicio-Classes", "Exercicio-Classes.csproj", "{BFD80A83-EB9F-43BF-8D9B-33259E7B49C5}"
EndProject
Project("{FAE04EC0-301F-11D3-BF4B-00C04F79EFBC}") = "Exercicio-Membros-Estaticos", "..\Exercicios-Membros-Estaticos\Exercicio-Membros-Estaticos.csproj", "{C15720BB-7272-4CAA-A9BB-4C3181061D50}"
EndProject
Global
	GlobalSection(SolutionConfigurationPlatforms) = preSolution
		Debug|Any CPU = Debug|Any CPU
		Release|Any CPU = Release|Any CPU
	EndGlobalSection
	GlobalSection(ProjectConfigurationPlatforms) = postSolution
		{BFD80A83-EB9F-43BF-8D9B-33259E7B49C5}.Debug|Any CPU.ActiveCfg = Debug|Any CPU
		{BFD80A83-EB9F-43BF-8D9B-33259E7B49C5}.Debug|Any CPU.Build.0 = Debug|Any CPU
		{BFD80A83-EB9F-43BF-8D9B-33259E7B49C5}.Release|Any CPU.ActiveCfg = Release|Any CPU
		{BFD80A83-EB9F-43BF-8D9B-33259E7B49C5}.Release|Any CPU.Build.0 = Release|Any CPU
		{C15720BB-7272-4CAA-A9BB-4C3181061D50}.Debug|Any CPU.ActiveCfg = Debug|Any CPU
		{C15720BB-7272-4CAA-A9BB-4C3181061D50}.Debug|Any CPU.Build.0 = Debug|Any CPU
		{C15720BB-7272-4CAA-A9BB-4C3181061D50}.Release|Any CPU.ActiveCfg = Release|Any CPU
		{C15720BB-7272-4CAA-A9BB-4C3181061D50}.Release|Any CPU.Build.0 = Release|Any CPU
	EndGlobalSection
	GlobalSection(SolutionProperties) = preSolution
		HideSolutionNode = FALSE
	EndGlobalSection
	GlobalSection(ExtensibilityGlobals) = postSolution
		SolutionGuid = {8218E9C7-AED7-493A-86EB-0F86CED562FD}
	EndGlobalSection
EndGlobal
